// !$*UTF8*$!
{
	archiveVersion = 1;
	classes = {
	};
	objectVersion = 50;
	objects = {

/* Begin PBXBuildFile section */
		41A7923125D49079002C0B63 /* AppDelegate.swift in Sources */ = {isa = PBXBuildFile; fileRef = 41A7923025D49079002C0B63 /* AppDelegate.swift */; };
		41A7923325D49079002C0B63 /* SceneDelegate.swift in Sources */ = {isa = PBXBuildFile; fileRef = 41A7923225D49079002C0B63 /* SceneDelegate.swift */; };
		41A7923525D49079002C0B63 /* ContentView.swift in Sources */ = {isa = PBXBuildFile; fileRef = 41A7923425D49079002C0B63 /* ContentView.swift */; };
		41A7923725D4907D002C0B63 /* Assets.xcassets in Resources */ = {isa = PBXBuildFile; fileRef = 41A7923625D4907D002C0B63 /* Assets.xcassets */; };
		41A7923A25D4907D002C0B63 /* Preview Assets.xcassets in Resources */ = {isa = PBXBuildFile; fileRef = 41A7923925D4907D002C0B63 /* Preview Assets.xcassets */; };
		41A7923D25D4907D002C0B63 /* LaunchScreen.storyboard in Resources */ = {isa = PBXBuildFile; fileRef = 41A7923B25D4907D002C0B63 /* LaunchScreen.storyboard */; };
		41A7924825D4907D002C0B63 /* MesaNewsTests.swift in Sources */ = {isa = PBXBuildFile; fileRef = 41A7924725D4907D002C0B63 /* MesaNewsTests.swift */; };
		41A7925325D4907D002C0B63 /* MesaNewsUITests.swift in Sources */ = {isa = PBXBuildFile; fileRef = 41A7925225D4907D002C0B63 /* MesaNewsUITests.swift */; };
/* End PBXBuildFile section */

/* Begin PBXContainerItemProxy section */
		41A7924425D4907D002C0B63 /* PBXContainerItemProxy */ = {
			isa = PBXContainerItemProxy;
			containerPortal = 41A7922525D49079002C0B63 /* Project object */;
			proxyType = 1;
			remoteGlobalIDString = 41A7922C25D49079002C0B63;
			remoteInfo = MesaNews;
		};
		41A7924F25D4907D002C0B63 /* PBXContainerItemProxy */ = {
			isa = PBXContainerItemProxy;
			containerPortal = 41A7922525D49079002C0B63 /* Project object */;
			proxyType = 1;
			remoteGlobalIDString = 41A7922C25D49079002C0B63;
			remoteInfo = MesaNews;
		};
/* End PBXContainerItemProxy section */

/* Begin PBXFileReference section */
		41A7922D25D49079002C0B63 /* MesaNews.app */ = {isa = PBXFileReference; explicitFileType = wrapper.application; includeInIndex = 0; path = MesaNews.app; sourceTree = BUILT_PRODUCTS_DIR; };
		41A7923025D49079002C0B63 /* AppDelegate.swift */ = {isa = PBXFileReference; lastKnownFileType = sourcecode.swift; path = AppDelegate.swift; sourceTree = "<group>"; };
		41A7923225D49079002C0B63 /* SceneDelegate.swift */ = {isa = PBXFileReference; lastKnownFileType = sourcecode.swift; path = SceneDelegate.swift; sourceTree = "<group>"; };
		41A7923425D49079002C0B63 /* ContentView.swift */ = {isa = PBXFileReference; lastKnownFileType = sourcecode.swift; path = ContentView.swift; sourceTree = "<group>"; };
		41A7923625D4907D002C0B63 /* Assets.xcassets */ = {isa = PBXFileReference; lastKnownFileType = folder.assetcatalog; path = Assets.xcassets; sourceTree = "<group>"; };
		41A7923925D4907D002C0B63 /* Preview Assets.xcassets */ = {isa = PBXFileReference; lastKnownFileType = folder.assetcatalog; path = "Preview Assets.xcassets"; sourceTree = "<group>"; };
		41A7923C25D4907D002C0B63 /* Base */ = {isa = PBXFileReference; lastKnownFileType = file.storyboard; name = Base; path = Base.lproj/LaunchScreen.storyboard; sourceTree = "<group>"; };
		41A7923E25D4907D002C0B63 /* Info.plist */ = {isa = PBXFileReference; lastKnownFileType = text.plist.xml; path = Info.plist; sourceTree = "<group>"; };
		41A7924325D4907D002C0B63 /* MesaNewsTests.xctest */ = {isa = PBXFileReference; explicitFileType = wrapper.cfbundle; includeInIndex = 0; path = MesaNewsTests.xctest; sourceTree = BUILT_PRODUCTS_DIR; };
		41A7924725D4907D002C0B63 /* MesaNewsTests.swift */ = {isa = PBXFileReference; lastKnownFileType = sourcecode.swift; path = MesaNewsTests.swift; sourceTree = "<group>"; };
		41A7924925D4907D002C0B63 /* Info.plist */ = {isa = PBXFileReference; lastKnownFileType = text.plist.xml; path = Info.plist; sourceTree = "<group>"; };
		41A7924E25D4907D002C0B63 /* MesaNewsUITests.xctest */ = {isa = PBXFileReference; explicitFileType = wrapper.cfbundle; includeInIndex = 0; path = MesaNewsUITests.xctest; sourceTree = BUILT_PRODUCTS_DIR; };
		41A7925225D4907D002C0B63 /* MesaNewsUITests.swift */ = {isa = PBXFileReference; lastKnownFileType = sourcecode.swift; path = MesaNewsUITests.swift; sourceTree = "<group>"; };
		41A7925425D4907D002C0B63 /* Info.plist */ = {isa = PBXFileReference; lastKnownFileType = text.plist.xml; path = Info.plist; sourceTree = "<group>"; };
/* End PBXFileReference section */

/* Begin PBXFrameworksBuildPhase section */
		41A7922A25D49079002C0B63 /* Frameworks */ = {
			isa = PBXFrameworksBuildPhase;
			buildActionMask = 2147483647;
			files = (
			);
			runOnlyForDeploymentPostprocessing = 0;
		};
		41A7924025D4907D002C0B63 /* Frameworks */ = {
			isa = PBXFrameworksBuildPhase;
			buildActionMask = 2147483647;
			files = (
			);
			runOnlyForDeploymentPostprocessing = 0;
		};
		41A7924B25D4907D002C0B63 /* Frameworks */ = {
			isa = PBXFrameworksBuildPhase;
			buildActionMask = 2147483647;
			files = (
			);
			runOnlyForDeploymentPostprocessing = 0;
		};
/* End PBXFrameworksBuildPhase section */

/* Begin PBXGroup section */
		41A7922425D49079002C0B63 = {
			isa = PBXGroup;
			children = (
				41A7922F25D49079002C0B63 /* MesaNews */,
				41A7924625D4907D002C0B63 /* MesaNewsTests */,
				41A7925125D4907D002C0B63 /* MesaNewsUITests */,
				41A7922E25D49079002C0B63 /* Products */,
			);
			sourceTree = "<group>";
		};
		41A7922E25D49079002C0B63 /* Products */ = {
			isa = PBXGroup;
			children = (
				41A7922D25D49079002C0B63 /* MesaNews.app */,
				41A7924325D4907D002C0B63 /* MesaNewsTests.xctest */,
				41A7924E25D4907D002C0B63 /* MesaNewsUITests.xctest */,
			);
			name = Products;
			sourceTree = "<group>";
		};
		41A7922F25D49079002C0B63 /* MesaNews */ = {
			isa = PBXGroup;
			children = (
				41A7923025D49079002C0B63 /* AppDelegate.swift */,
				41A7923225D49079002C0B63 /* SceneDelegate.swift */,
				41A7923425D49079002C0B63 /* ContentView.swift */,
				41A7923625D4907D002C0B63 /* Assets.xcassets */,
				41A7923B25D4907D002C0B63 /* LaunchScreen.storyboard */,
				41A7923E25D4907D002C0B63 /* Info.plist */,
				41A7923825D4907D002C0B63 /* Preview Content */,
			);
			path = MesaNews;
			sourceTree = "<group>";
		};
		41A7923825D4907D002C0B63 /* Preview Content */ = {
			isa = PBXGroup;
			children = (
				41A7923925D4907D002C0B63 /* Preview Assets.xcassets */,
			);
			path = "Preview Content";
			sourceTree = "<group>";
		};
		41A7924625D4907D002C0B63 /* MesaNewsTests */ = {
			isa = PBXGroup;
			children = (
				41A7924725D4907D002C0B63 /* MesaNewsTests.swift */,
				41A7924925D4907D002C0B63 /* Info.plist */,
			);
			path = MesaNewsTests;
			sourceTree = "<group>";
		};
		41A7925125D4907D002C0B63 /* MesaNewsUITests */ = {
			isa = PBXGroup;
			children = (
				41A7925225D4907D002C0B63 /* MesaNewsUITests.swift */,
				41A7925425D4907D002C0B63 /* Info.plist */,
			);
			path = MesaNewsUITests;
			sourceTree = "<group>";
		};
/* End PBXGroup section */

/* Begin PBXNativeTarget section */
		41A7922C25D49079002C0B63 /* MesaNews */ = {
			isa = PBXNativeTarget;
			buildConfigurationList = 41A7925725D4907D002C0B63 /* Build configuration list for PBXNativeTarget "MesaNews" */;
			buildPhases = (
				41A7922925D49079002C0B63 /* Sources */,
				41A7922A25D49079002C0B63 /* Frameworks */,
				41A7922B25D49079002C0B63 /* Resources */,
			);
			buildRules = (
			);
			dependencies = (
			);
			name = MesaNews;
			productName = MesaNews;
			productReference = 41A7922D25D49079002C0B63 /* MesaNews.app */;
			productType = "com.apple.product-type.application";
		};
		41A7924225D4907D002C0B63 /* MesaNewsTests */ = {
			isa = PBXNativeTarget;
			buildConfigurationList = 41A7925A25D4907D002C0B63 /* Build configuration list for PBXNativeTarget "MesaNewsTests" */;
			buildPhases = (
				41A7923F25D4907D002C0B63 /* Sources */,
				41A7924025D4907D002C0B63 /* Frameworks */,
				41A7924125D4907D002C0B63 /* Resources */,
			);
			buildRules = (
			);
			dependencies = (
				41A7924525D4907D002C0B63 /* PBXTargetDependency */,
			);
			name = MesaNewsTests;
			productName = MesaNewsTests;
			productReference = 41A7924325D4907D002C0B63 /* MesaNewsTests.xctest */;
			productType = "com.apple.product-type.bundle.unit-test";
		};
		41A7924D25D4907D002C0B63 /* MesaNewsUITests */ = {
			isa = PBXNativeTarget;
			buildConfigurationList = 41A7925D25D4907D002C0B63 /* Build configuration list for PBXNativeTarget "MesaNewsUITests" */;
			buildPhases = (
				41A7924A25D4907D002C0B63 /* Sources */,
				41A7924B25D4907D002C0B63 /* Frameworks */,
				41A7924C25D4907D002C0B63 /* Resources */,
			);
			buildRules = (
			);
			dependencies = (
				41A7925025D4907D002C0B63 /* PBXTargetDependency */,
			);
			name = MesaNewsUITests;
			productName = MesaNewsUITests;
			productReference = 41A7924E25D4907D002C0B63 /* MesaNewsUITests.xctest */;
			productType = "com.apple.product-type.bundle.ui-testing";
		};
/* End PBXNativeTarget section */

/* Begin PBXProject section */
		41A7922525D49079002C0B63 /* Project object */ = {
			isa = PBXProject;
			attributes = {
				LastSwiftUpdateCheck = 1240;
				LastUpgradeCheck = 1240;
				TargetAttributes = {
					41A7922C25D49079002C0B63 = {
						CreatedOnToolsVersion = 12.4;
					};
					41A7924225D4907D002C0B63 = {
						CreatedOnToolsVersion = 12.4;
						TestTargetID = 41A7922C25D49079002C0B63;
					};
					41A7924D25D4907D002C0B63 = {
						CreatedOnToolsVersion = 12.4;
						TestTargetID = 41A7922C25D49079002C0B63;
					};
				};
			};
			buildConfigurationList = 41A7922825D49079002C0B63 /* Build configuration list for PBXProject "MesaNews" */;
			compatibilityVersion = "Xcode 9.3";
			developmentRegion = en;
			hasScannedForEncodings = 0;
			knownRegions = (
				en,
				Base,
			);
			mainGroup = 41A7922425D49079002C0B63;
			productRefGroup = 41A7922E25D49079002C0B63 /* Products */;
			projectDirPath = "";
			projectRoot = "";
			targets = (
				41A7922C25D49079002C0B63 /* MesaNews */,
				41A7924225D4907D002C0B63 /* MesaNewsTests */,
				41A7924D25D4907D002C0B63 /* MesaNewsUITests */,
			);
		};
/* End PBXProject section */

/* Begin PBXResourcesBuildPhase section */
		41A7922B25D49079002C0B63 /* Resources */ = {
			isa = PBXResourcesBuildPhase;
			buildActionMask = 2147483647;
			files = (
				41A7923D25D4907D002C0B63 /* LaunchScreen.storyboard in Resources */,
				41A7923A25D4907D002C0B63 /* Preview Assets.xcassets in Resources */,
				41A7923725D4907D002C0B63 /* Assets.xcassets in Resources */,
			);
			runOnlyForDeploymentPostprocessing = 0;
		};
		41A7924125D4907D002C0B63 /* Resources */ = {
			isa = PBXResourcesBuildPhase;
			buildActionMask = 2147483647;
			files = (
			);
			runOnlyForDeploymentPostprocessing = 0;
		};
		41A7924C25D4907D002C0B63 /* Resources */ = {
			isa = PBXResourcesBuildPhase;
			buildActionMask = 2147483647;
			files = (
			);
			runOnlyForDeploymentPostprocessing = 0;
		};
/* End PBXResourcesBuildPhase section */

/* Begin PBXSourcesBuildPhase section */
		41A7922925D49079002C0B63 /* Sources */ = {
			isa = PBXSourcesBuildPhase;
			buildActionMask = 2147483647;
			files = (
				41A7923125D49079002C0B63 /* AppDelegate.swift in Sources */,
				41A7923325D49079002C0B63 /* SceneDelegate.swift in Sources */,
				41A7923525D49079002C0B63 /* ContentView.swift in Sources */,
			);
			runOnlyForDeploymentPostprocessing = 0;
		};
		41A7923F25D4907D002C0B63 /* Sources */ = {
			isa = PBXSourcesBuildPhase;
			buildActionMask = 2147483647;
			files = (
				41A7924825D4907D002C0B63 /* MesaNewsTests.swift in Sources */,
			);
			runOnlyForDeploymentPostprocessing = 0;
		};
		41A7924A25D4907D002C0B63 /* Sources */ = {
			isa = PBXSourcesBuildPhase;
			buildActionMask = 2147483647;
			files = (
				41A7925325D4907D002C0B63 /* MesaNewsUITests.swift in Sources */,
			);
			runOnlyForDeploymentPostprocessing = 0;
		};
/* End PBXSourcesBuildPhase section */

/* Begin PBXTargetDependency section */
		41A7924525D4907D002C0B63 /* PBXTargetDependency */ = {
			isa = PBXTargetDependency;
			target = 41A7922C25D49079002C0B63 /* MesaNews */;
			targetProxy = 41A7924425D4907D002C0B63 /* PBXContainerItemProxy */;
		};
		41A7925025D4907D002C0B63 /* PBXTargetDependency */ = {
			isa = PBXTargetDependency;
			target = 41A7922C25D49079002C0B63 /* MesaNews */;
			targetProxy = 41A7924F25D4907D002C0B63 /* PBXContainerItemProxy */;
		};
/* End PBXTargetDependency section */

/* Begin PBXVariantGroup section */
		41A7923B25D4907D002C0B63 /* LaunchScreen.storyboard */ = {
			isa = PBXVariantGroup;
			children = (
				41A7923C25D4907D002C0B63 /* Base */,
			);
			name = LaunchScreen.storyboard;
			sourceTree = "<group>";
		};
/* End PBXVariantGroup section */

/* Begin XCBuildConfiguration section */
		41A7925525D4907D002C0B63 /* Debug */ = {
			isa = XCBuildConfiguration;
			buildSettings = {
				ALWAYS_SEARCH_USER_PATHS = NO;
				CLANG_ANALYZER_NONNULL = YES;
				CLANG_ANALYZER_NUMBER_OBJECT_CONVERSION = YES_AGGRESSIVE;
				CLANG_CXX_LANGUAGE_STANDARD = "gnu++14";
				CLANG_CXX_LIBRARY = "libc++";
				CLANG_ENABLE_MODULES = YES;
				CLANG_ENABLE_OBJC_ARC = YES;
				CLANG_ENABLE_OBJC_WEAK = YES;
				CLANG_WARN_BLOCK_CAPTURE_AUTORELEASING = YES;
				CLANG_WARN_BOOL_CONVERSION = YES;
				CLANG_WARN_COMMA = YES;
				CLANG_WARN_CONSTANT_CONVERSION = YES;
				CLANG_WARN_DEPRECATED_OBJC_IMPLEMENTATIONS = YES;
				CLANG_WARN_DIRECT_OBJC_ISA_USAGE = YES_ERROR;
				CLANG_WARN_DOCUMENTATION_COMMENTS = YES;
				CLANG_WARN_EMPTY_BODY = YES;
				CLANG_WARN_ENUM_CONVERSION = YES;
				CLANG_WARN_INFINITE_RECURSION = YES;
				CLANG_WARN_INT_CONVERSION = YES;
				CLANG_WARN_NON_LITERAL_NULL_CONVERSION = YES;
				CLANG_WARN_OBJC_IMPLICIT_RETAIN_SELF = YES;
				CLANG_WARN_OBJC_LITERAL_CONVERSION = YES;
				CLANG_WARN_OBJC_ROOT_CLASS = YES_ERROR;
				CLANG_WARN_QUOTED_INCLUDE_IN_FRAMEWORK_HEADER = YES;
				CLANG_WARN_RANGE_LOOP_ANALYSIS = YES;
				CLANG_WARN_STRICT_PROTOTYPES = YES;
				CLANG_WARN_SUSPICIOUS_MOVE = YES;
				CLANG_WARN_UNGUARDED_AVAILABILITY = YES_AGGRESSIVE;
				CLANG_WARN_UNREACHABLE_CODE = YES;
				CLANG_WARN__DUPLICATE_METHOD_MATCH = YES;
				COPY_PHASE_STRIP = NO;
				DEBUG_INFORMATION_FORMAT = dwarf;
				ENABLE_STRICT_OBJC_MSGSEND = YES;
				ENABLE_TESTABILITY = YES;
				GCC_C_LANGUAGE_STANDARD = gnu11;
				GCC_DYNAMIC_NO_PIC = NO;
				GCC_NO_COMMON_BLOCKS = YES;
				GCC_OPTIMIZATION_LEVEL = 0;
				GCC_PREPROCESSOR_DEFINITIONS = (
					"DEBUG=1",
					"$(inherited)",
				);
				GCC_WARN_64_TO_32_BIT_CONVERSION = YES;
				GCC_WARN_ABOUT_RETURN_TYPE = YES_ERROR;
				GCC_WARN_UNDECLARED_SELECTOR = YES;
				GCC_WARN_UNINITIALIZED_AUTOS = YES_AGGRESSIVE;
				GCC_WARN_UNUSED_FUNCTION = YES;
				GCC_WARN_UNUSED_VARIABLE = YES;
				IPHONEOS_DEPLOYMENT_TARGET = 14.4;
				MTL_ENABLE_DEBUG_INFO = INCLUDE_SOURCE;
				MTL_FAST_MATH = YES;
				ONLY_ACTIVE_ARCH = YES;
				SDKROOT = iphoneos;
				SWIFT_ACTIVE_COMPILATION_CONDITIONS = DEBUG;
				SWIFT_OPTIMIZATION_LEVEL = "-Onone";
			};
			name = Debug;
		};
		41A7925625D4907D002C0B63 /* Release */ = {
			isa = XCBuildConfiguration;
			buildSettings = {
				ALWAYS_SEARCH_USER_PATHS = NO;
				CLANG_ANALYZER_NONNULL = YES;
				CLANG_ANALYZER_NUMBER_OBJECT_CONVERSION = YES_AGGRESSIVE;
				CLANG_CXX_LANGUAGE_STANDARD = "gnu++14";
				CLANG_CXX_LIBRARY = "libc++";
				CLANG_ENABLE_MODULES = YES;
				CLANG_ENABLE_OBJC_ARC = YES;
				CLANG_ENABLE_OBJC_WEAK = YES;
				CLANG_WARN_BLOCK_CAPTURE_AUTORELEASING = YES;
				CLANG_WARN_BOOL_CONVERSION = YES;
				CLANG_WARN_COMMA = YES;
				CLANG_WARN_CONSTANT_CONVERSION = YES;
				CLANG_WARN_DEPRECATED_OBJC_IMPLEMENTATIONS = YES;
				CLANG_WARN_DIRECT_OBJC_ISA_USAGE = YES_ERROR;
				CLANG_WARN_DOCUMENTATION_COMMENTS = YES;
				CLANG_WARN_EMPTY_BODY = YES;
				CLANG_WARN_ENUM_CONVERSION = YES;
				CLANG_WARN_INFINITE_RECURSION = YES;
				CLANG_WARN_INT_CONVERSION = YES;
				CLANG_WARN_NON_LITERAL_NULL_CONVERSION = YES;
				CLANG_WARN_OBJC_IMPLICIT_RETAIN_SELF = YES;
				CLANG_WARN_OBJC_LITERAL_CONVERSION = YES;
				CLANG_WARN_OBJC_ROOT_CLASS = YES_ERROR;
				CLANG_WARN_QUOTED_INCLUDE_IN_FRAMEWORK_HEADER = YES;
				CLANG_WARN_RANGE_LOOP_ANALYSIS = YES;
				CLANG_WARN_STRICT_PROTOTYPES = YES;
				CLANG_WARN_SUSPICIOUS_MOVE = YES;
				CLANG_WARN_UNGUARDED_AVAILABILITY = YES_AGGRESSIVE;
				CLANG_WARN_UNREACHABLE_CODE = YES;
				CLANG_WARN__DUPLICATE_METHOD_MATCH = YES;
				COPY_PHASE_STRIP = NO;
				DEBUG_INFORMATION_FORMAT = "dwarf-with-dsym";
				ENABLE_NS_ASSERTIONS = NO;
				ENABLE_STRICT_OBJC_MSGSEND = YES;
				GCC_C_LANGUAGE_STANDARD = gnu11;
				GCC_NO_COMMON_BLOCKS = YES;
				GCC_WARN_64_TO_32_BIT_CONVERSION = YES;
				GCC_WARN_ABOUT_RETURN_TYPE = YES_ERROR;
				GCC_WARN_UNDECLARED_SELECTOR = YES;
				GCC_WARN_UNINITIALIZED_AUTOS = YES_AGGRESSIVE;
				GCC_WARN_UNUSED_FUNCTION = YES;
				GCC_WARN_UNUSED_VARIABLE = YES;
				IPHONEOS_DEPLOYMENT_TARGET = 14.4;
				MTL_ENABLE_DEBUG_INFO = NO;
				MTL_FAST_MATH = YES;
				SDKROOT = iphoneos;
				SWIFT_COMPILATION_MODE = wholemodule;
				SWIFT_OPTIMIZATION_LEVEL = "-O";
				VALIDATE_PRODUCT = YES;
			};
			name = Release;
		};
		41A7925825D4907D002C0B63 /* Debug */ = {
			isa = XCBuildConfiguration;
			buildSettings = {
				ASSETCATALOG_COMPILER_APPICON_NAME = AppIcon;
				ASSETCATALOG_COMPILER_GLOBAL_ACCENT_COLOR_NAME = AccentColor;
				CODE_SIGN_STYLE = Automatic;
				DEVELOPMENT_ASSET_PATHS = "\"MesaNews/Preview Content\"";
				DEVELOPMENT_TEAM = CPDNCAZJQ6;
				ENABLE_PREVIEWS = YES;
				INFOPLIST_FILE = MesaNews/Info.plist;
				LD_RUNPATH_SEARCH_PATHS = (
					"$(inherited)",
					"@executable_path/Frameworks",
				);
				PRODUCT_BUNDLE_IDENTIFIER = com.renatomateusx.MesaNews;
				PRODUCT_NAME = "$(TARGET_NAME)";
				SWIFT_VERSION = 5.0;
				TARGETED_DEVICE_FAMILY = "1,2";
			};
			name = Debug;
		};
		41A7925925D4907D002C0B63 /* Release */ = {
			isa = XCBuildConfiguration;
			buildSettings = {
				ASSETCATALOG_COMPILER_APPICON_NAME = AppIcon;
				ASSETCATALOG_COMPILER_GLOBAL_ACCENT_COLOR_NAME = AccentColor;
				CODE_SIGN_STYLE = Automatic;
				DEVELOPMENT_ASSET_PATHS = "\"MesaNews/Preview Content\"";
				DEVELOPMENT_TEAM = CPDNCAZJQ6;
				ENABLE_PREVIEWS = YES;
				INFOPLIST_FILE = MesaNews/Info.plist;
				LD_RUNPATH_SEARCH_PATHS = (
					"$(inherited)",
					"@executable_path/Frameworks",
				);
				PRODUCT_BUNDLE_IDENTIFIER = com.renatomateusx.MesaNews;
				PRODUCT_NAME = "$(TARGET_NAME)";
				SWIFT_VERSION = 5.0;
				TARGETED_DEVICE_FAMILY = "1,2";
			};
			name = Release;
		};
		41A7925B25D4907D002C0B63 /* Debug */ = {
			isa = XCBuildConfiguration;
			buildSettings = {
				ALWAYS_EMBED_SWIFT_STANDARD_LIBRARIES = YES;
				BUNDLE_LOADER = "$(TEST_HOST)";
				CODE_SIGN_STYLE = Automatic;
				DEVELOPMENT_TEAM = CPDNCAZJQ6;
				INFOPLIST_FILE = MesaNewsTests/Info.plist;
				IPHONEOS_DEPLOYMENT_TARGET = 14.4;
				LD_RUNPATH_SEARCH_PATHS = (
					"$(inherited)",
					"@executable_path/Frameworks",
					"@loader_path/Frameworks",
				);
				PRODUCT_BUNDLE_IDENTIFIER = com.renatomateusx.MesaNewsTests;
				PRODUCT_NAME = "$(TARGET_NAME)";
				SWIFT_VERSION = 5.0;
				TARGETED_DEVICE_FAMILY = "1,2";
				TEST_HOST = "$(BUILT_PRODUCTS_DIR)/MesaNews.app/MesaNews";
			};
			name = Debug;
		};
		41A7925C25D4907D002C0B63 /* Release */ = {
			isa = XCBuildConfiguration;
			buildSettings = {
				ALWAYS_EMBED_SWIFT_STANDARD_LIBRARIES = YES;
				BUNDLE_LOADER = "$(TEST_HOST)";
				CODE_SIGN_STYLE = Automatic;
				DEVELOPMENT_TEAM = CPDNCAZJQ6;
				INFOPLIST_FILE = MesaNewsTests/Info.plist;
				IPHONEOS_DEPLOYMENT_TARGET = 14.4;
				LD_RUNPATH_SEARCH_PATHS = (
					"$(inherited)",
					"@executable_path/Frameworks",
					"@loader_path/Frameworks",
				);
				PRODUCT_BUNDLE_IDENTIFIER = com.renatomateusx.MesaNewsTests;
				PRODUCT_NAME = "$(TARGET_NAME)";
				SWIFT_VERSION = 5.0;
				TARGETED_DEVICE_FAMILY = "1,2";
				TEST_HOST = "$(BUILT_PRODUCTS_DIR)/MesaNews.app/MesaNews";
			};
			name = Release;
		};
		41A7925E25D4907D002C0B63 /* Debug */ = {
			isa = XCBuildConfiguration;
			buildSettings = {
				ALWAYS_EMBED_SWIFT_STANDARD_LIBRARIES = YES;
				CODE_SIGN_STYLE = Automatic;
				DEVELOPMENT_TEAM = CPDNCAZJQ6;
				INFOPLIST_FILE = MesaNewsUITests/Info.plist;
				LD_RUNPATH_SEARCH_PATHS = (
					"$(inherited)",
					"@executable_path/Frameworks",
					"@loader_path/Frameworks",
				);
				PRODUCT_BUNDLE_IDENTIFIER = com.renatomateusx.MesaNewsUITests;
				PRODUCT_NAME = "$(TARGET_NAME)";
				SWIFT_VERSION = 5.0;
				TARGETED_DEVICE_FAMILY = "1,2";
				TEST_TARGET_NAME = MesaNews;
			};
			name = Debug;
		};
		41A7925F25D4907D002C0B63 /* Release */ = {
			isa = XCBuildConfiguration;
			buildSettings = {
				ALWAYS_EMBED_SWIFT_STANDARD_LIBRARIES = YES;
				CODE_SIGN_STYLE = Automatic;
				DEVELOPMENT_TEAM = CPDNCAZJQ6;
				INFOPLIST_FILE = MesaNewsUITests/Info.plist;
				LD_RUNPATH_SEARCH_PATHS = (
					"$(inherited)",
					"@executable_path/Frameworks",
					"@loader_path/Frameworks",
				);
				PRODUCT_BUNDLE_IDENTIFIER = com.renatomateusx.MesaNewsUITests;
				PRODUCT_NAME = "$(TARGET_NAME)";
				SWIFT_VERSION = 5.0;
				TARGETED_DEVICE_FAMILY = "1,2";
				TEST_TARGET_NAME = MesaNews;
			};
			name = Release;
		};
/* End XCBuildConfiguration section */

/* Begin XCConfigurationList section */
		41A7922825D49079002C0B63 /* Build configuration list for PBXProject "MesaNews" */ = {
			isa = XCConfigurationList;
			buildConfigurations = (
				41A7925525D4907D002C0B63 /* Debug */,
				41A7925625D4907D002C0B63 /* Release */,
			);
			defaultConfigurationIsVisible = 0;
			defaultConfigurationName = Release;
		};
		41A7925725D4907D002C0B63 /* Build configuration list for PBXNativeTarget "MesaNews" */ = {
			isa = XCConfigurationList;
			buildConfigurations = (
				41A7925825D4907D002C0B63 /* Debug */,
				41A7925925D4907D002C0B63 /* Release */,
			);
			defaultConfigurationIsVisible = 0;
			defaultConfigurationName = Release;
		};
		41A7925A25D4907D002C0B63 /* Build configuration list for PBXNativeTarget "MesaNewsTests" */ = {
			isa = XCConfigurationList;
			buildConfigurations = (
				41A7925B25D4907D002C0B63 /* Debug */,
				41A7925C25D4907D002C0B63 /* Release */,
			);
			defaultConfigurationIsVisible = 0;
			defaultConfigurationName = Release;
		};
		41A7925D25D4907D002C0B63 /* Build configuration list for PBXNativeTarget "MesaNewsUITests" */ = {
			isa = XCConfigurationList;
			buildConfigurations = (
				41A7925E25D4907D002C0B63 /* Debug */,
				41A7925F25D4907D002C0B63 /* Release */,
			);
			defaultConfigurationIsVisible = 0;
			defaultConfigurationName = Release;
		};
/* End XCConfigurationList section */
	};
	rootObject = 41A7922525D49079002C0B63 /* Project object */;
}
